// !$*UTF8*$!
{
	archiveVersion = 1;
	classes = {
	};
	objectVersion = 77;
	objects = {

/* Begin PBXBuildFile section */
		793DD7512D8DDF54004B46A5 /* RxCocoa in Frameworks */ = {isa = PBXBuildFile; productRef = 793DD7502D8DDF54004B46A5 /* RxCocoa */; };
		793DD7532D8DDF54004B46A5 /* RxSwift in Frameworks */ = {isa = PBXBuildFile; productRef = 793DD7522D8DDF54004B46A5 /* RxSwift */; };
		793DD82D2D8E5287004B46A5 /* test_audio.wav in Resources */ = {isa = PBXBuildFile; fileRef = 793DD82C2D8E5287004B46A5 /* test_audio.wav */; };
/* End PBXBuildFile section */

/* Begin PBXContainerItemProxy section */
		793DD6D52D8DC251004B46A5 /* PBXContainerItemProxy */ = {
			isa = PBXContainerItemProxy;
			containerPortal = 793DD6BC2D8DC24F004B46A5 /* Project object */;
			proxyType = 1;
			remoteGlobalIDString = 793DD6C32D8DC24F004B46A5;
			remoteInfo = "Speech Transcriber";
		};
		793DD6DF2D8DC251004B46A5 /* PBXContainerItemProxy */ = {
			isa = PBXContainerItemProxy;
			containerPortal = 793DD6BC2D8DC24F004B46A5 /* Project object */;
			proxyType = 1;
			remoteGlobalIDString = 793DD6C32D8DC24F004B46A5;
			remoteInfo = "Speech Transcriber";
		};
/* End PBXContainerItemProxy section */

/* Begin PBXFileReference section */
		793DD6C42D8DC24F004B46A5 /* Speech Transcriber.app */ = {isa = PBXFileReference; explicitFileType = wrapper.application; includeInIndex = 0; path = "Speech Transcriber.app"; sourceTree = BUILT_PRODUCTS_DIR; };
		793DD6D42D8DC251004B46A5 /* Speech TranscriberTests.xctest */ = {isa = PBXFileReference; explicitFileType = wrapper.cfbundle; includeInIndex = 0; path = "Speech TranscriberTests.xctest"; sourceTree = BUILT_PRODUCTS_DIR; };
		793DD6DE2D8DC251004B46A5 /* Speech TranscriberUITests.xctest */ = {isa = PBXFileReference; explicitFileType = wrapper.cfbundle; includeInIndex = 0; path = "Speech TranscriberUITests.xctest"; sourceTree = BUILT_PRODUCTS_DIR; };
		793DD82C2D8E5287004B46A5 /* test_audio.wav */ = {isa = PBXFileReference; lastKnownFileType = audio.wav; path = test_audio.wav; sourceTree = "<group>"; };
/* End PBXFileReference section */

/* Begin PBXFileSystemSynchronizedRootGroup section */
		793DD6C62D8DC24F004B46A5 /* Speech Transcriber */ = {
			isa = PBXFileSystemSynchronizedRootGroup;
			path = "Speech Transcriber";
			sourceTree = "<group>";
		};
		793DD6D72D8DC251004B46A5 /* Speech TranscriberTests */ = {
			isa = PBXFileSystemSynchronizedRootGroup;
			path = "Speech TranscriberTests";
			sourceTree = "<group>";
		};
		793DD6E12D8DC251004B46A5 /* Speech TranscriberUITests */ = {
			isa = PBXFileSystemSynchronizedRootGroup;
			path = "Speech TranscriberUITests";
			sourceTree = "<group>";
		};
/* End PBXFileSystemSynchronizedRootGroup section */

/* Begin PBXFrameworksBuildPhase section */
		793DD6C12D8DC24F004B46A5 /* Frameworks */ = {
			isa = PBXFrameworksBuildPhase;
			buildActionMask = 2147483647;
			files = (
				793DD7532D8DDF54004B46A5 /* RxSwift in Frameworks */,
				793DD7512D8DDF54004B46A5 /* RxCocoa in Frameworks */,
			);
			runOnlyForDeploymentPostprocessing = 0;
		};
		793DD6D12D8DC251004B46A5 /* Frameworks */ = {
			isa = PBXFrameworksBuildPhase;
			buildActionMask = 2147483647;
			files = (
			);
			runOnlyForDeploymentPostprocessing = 0;
		};
		793DD6DB2D8DC251004B46A5 /* Frameworks */ = {
			isa = PBXFrameworksBuildPhase;
			buildActionMask = 2147483647;
			files = (
			);
			runOnlyForDeploymentPostprocessing = 0;
		};
/* End PBXFrameworksBuildPhase section */

/* Begin PBXGroup section */
		793DD6BB2D8DC24F004B46A5 = {
			isa = PBXGroup;
			children = (
				793DD82C2D8E5287004B46A5 /* test_audio.wav */,
				793DD6C62D8DC24F004B46A5 /* Speech Transcriber */,
				793DD6D72D8DC251004B46A5 /* Speech TranscriberTests */,
				793DD6E12D8DC251004B46A5 /* Speech TranscriberUITests */,
				793DD6C52D8DC24F004B46A5 /* Products */,
			);
			sourceTree = "<group>";
		};
		793DD6C52D8DC24F004B46A5 /* Products */ = {
			isa = PBXGroup;
			children = (
				793DD6C42D8DC24F004B46A5 /* Speech Transcriber.app */,
				793DD6D42D8DC251004B46A5 /* Speech TranscriberTests.xctest */,
				793DD6DE2D8DC251004B46A5 /* Speech TranscriberUITests.xctest */,
			);
			name = Products;
			sourceTree = "<group>";
		};
/* End PBXGroup section */

/* Begin PBXNativeTarget section */
		793DD6C32D8DC24F004B46A5 /* Speech Transcriber */ = {
			isa = PBXNativeTarget;
			buildConfigurationList = 793DD6E82D8DC251004B46A5 /* Build configuration list for PBXNativeTarget "Speech Transcriber" */;
			buildPhases = (
				793DD6C02D8DC24F004B46A5 /* Sources */,
				793DD6C12D8DC24F004B46A5 /* Frameworks */,
				793DD6C22D8DC24F004B46A5 /* Resources */,
			);
			buildRules = (
			);
			dependencies = (
			);
			fileSystemSynchronizedGroups = (
				793DD6C62D8DC24F004B46A5 /* Speech Transcriber */,
			);
			name = "Speech Transcriber";
			packageProductDependencies = (
				793DD7502D8DDF54004B46A5 /* RxCocoa */,
				793DD7522D8DDF54004B46A5 /* RxSwift */,
			);
			productName = "Speech Transcriber";
			productReference = 793DD6C42D8DC24F004B46A5 /* Speech Transcriber.app */;
			productType = "com.apple.product-type.application";
		};
		793DD6D32D8DC251004B46A5 /* Speech TranscriberTests */ = {
			isa = PBXNativeTarget;
			buildConfigurationList = 793DD6EB2D8DC251004B46A5 /* Build configuration list for PBXNativeTarget "Speech TranscriberTests" */;
			buildPhases = (
				793DD6D02D8DC251004B46A5 /* Sources */,
				793DD6D12D8DC251004B46A5 /* Frameworks */,
				793DD6D22D8DC251004B46A5 /* Resources */,
			);
			buildRules = (
			);
			dependencies = (
				793DD6D62D8DC251004B46A5 /* PBXTargetDependency */,
			);
			fileSystemSynchronizedGroups = (
				793DD6D72D8DC251004B46A5 /* Speech TranscriberTests */,
			);
			name = "Speech TranscriberTests";
			packageProductDependencies = (
			);
			productName = "Speech TranscriberTests";
			productReference = 793DD6D42D8DC251004B46A5 /* Speech TranscriberTests.xctest */;
			productType = "com.apple.product-type.bundle.unit-test";
		};
		793DD6DD2D8DC251004B46A5 /* Speech TranscriberUITests */ = {
			isa = PBXNativeTarget;
			buildConfigurationList = 793DD6EE2D8DC251004B46A5 /* Build configuration list for PBXNativeTarget "Speech TranscriberUITests" */;
			buildPhases = (
				793DD6DA2D8DC251004B46A5 /* Sources */,
				793DD6DB2D8DC251004B46A5 /* Frameworks */,
				793DD6DC2D8DC251004B46A5 /* Resources */,
			);
			buildRules = (
			);
			dependencies = (
				793DD6E02D8DC251004B46A5 /* PBXTargetDependency */,
			);
			fileSystemSynchronizedGroups = (
				793DD6E12D8DC251004B46A5 /* Speech TranscriberUITests */,
			);
			name = "Speech TranscriberUITests";
			packageProductDependencies = (
			);
			productName = "Speech TranscriberUITests";
			productReference = 793DD6DE2D8DC251004B46A5 /* Speech TranscriberUITests.xctest */;
			productType = "com.apple.product-type.bundle.ui-testing";
		};
/* End PBXNativeTarget section */

/* Begin PBXProject section */
		793DD6BC2D8DC24F004B46A5 /* Project object */ = {
			isa = PBXProject;
			attributes = {
				BuildIndependentTargetsInParallel = 1;
				LastSwiftUpdateCheck = 1620;
				LastUpgradeCheck = 1620;
				TargetAttributes = {
					793DD6C32D8DC24F004B46A5 = {
						CreatedOnToolsVersion = 16.2;
					};
					793DD6D32D8DC251004B46A5 = {
						CreatedOnToolsVersion = 16.2;
						TestTargetID = 793DD6C32D8DC24F004B46A5;
					};
					793DD6DD2D8DC251004B46A5 = {
						CreatedOnToolsVersion = 16.2;
						TestTargetID = 793DD6C32D8DC24F004B46A5;
					};
				};
			};
			buildConfigurationList = 793DD6BF2D8DC24F004B46A5 /* Build configuration list for PBXProject "Speech Transcriber" */;
			developmentRegion = en;
			hasScannedForEncodings = 0;
			knownRegions = (
				en,
				Base,
			);
			mainGroup = 793DD6BB2D8DC24F004B46A5;
			minimizedProjectReferenceProxies = 1;
			packageReferences = (
				793DD74F2D8DDF54004B46A5 /* XCRemoteSwiftPackageReference "RxSwift" */,
			);
			preferredProjectObjectVersion = 77;
			productRefGroup = 793DD6C52D8DC24F004B46A5 /* Products */;
			projectDirPath = "";
			projectRoot = "";
			targets = (
				793DD6C32D8DC24F004B46A5 /* Speech Transcriber */,
				793DD6D32D8DC251004B46A5 /* Speech TranscriberTests */,
				793DD6DD2D8DC251004B46A5 /* Speech TranscriberUITests */,
			);
		};
/* End PBXProject section */

/* Begin PBXResourcesBuildPhase section */
		793DD6C22D8DC24F004B46A5 /* Resources */ = {
			isa = PBXResourcesBuildPhase;
			buildActionMask = 2147483647;
			files = (
				793DD82D2D8E5287004B46A5 /* test_audio.wav in Resources */,
			);
			runOnlyForDeploymentPostprocessing = 0;
		};
		793DD6D22D8DC251004B46A5 /* Resources */ = {
			isa = PBXResourcesBuildPhase;
			buildActionMask = 2147483647;
			files = (
			);
			runOnlyForDeploymentPostprocessing = 0;
		};
		793DD6DC2D8DC251004B46A5 /* Resources */ = {
			isa = PBXResourcesBuildPhase;
			buildActionMask = 2147483647;
			files = (
			);
			runOnlyForDeploymentPostprocessing = 0;
		};
/* End PBXResourcesBuildPhase section */

/* Begin PBXSourcesBuildPhase section */
		793DD6C02D8DC24F004B46A5 /* Sources */ = {
			isa = PBXSourcesBuildPhase;
			buildActionMask = 2147483647;
			files = (
			);
			runOnlyForDeploymentPostprocessing = 0;
		};
		793DD6D02D8DC251004B46A5 /* Sources */ = {
			isa = PBXSourcesBuildPhase;
			buildActionMask = 2147483647;
			files = (
			);
			runOnlyForDeploymentPostprocessing = 0;
		};
		793DD6DA2D8DC251004B46A5 /* Sources */ = {
			isa = PBXSourcesBuildPhase;
			buildActionMask = 2147483647;
			files = (
			);
			runOnlyForDeploymentPostprocessing = 0;
		};
/* End PBXSourcesBuildPhase section */

/* Begin PBXTargetDependency section */
		793DD6D62D8DC251004B46A5 /* PBXTargetDependency */ = {
			isa = PBXTargetDependency;
			target = 793DD6C32D8DC24F004B46A5 /* Speech Transcriber */;
			targetProxy = 793DD6D52D8DC251004B46A5 /* PBXContainerItemProxy */;
		};
		793DD6E02D8DC251004B46A5 /* PBXTargetDependency */ = {
			isa = PBXTargetDependency;
			target = 793DD6C32D8DC24F004B46A5 /* Speech Transcriber */;
			targetProxy = 793DD6DF2D8DC251004B46A5 /* PBXContainerItemProxy */;
		};
/* End PBXTargetDependency section */

/* Begin XCBuildConfiguration section */
		793DD6E62D8DC251004B46A5 /* Debug */ = {
			isa = XCBuildConfiguration;
			buildSettings = {
				ALWAYS_SEARCH_USER_PATHS = NO;
				ASSETCATALOG_COMPILER_GENERATE_SWIFT_ASSET_SYMBOL_EXTENSIONS = YES;
				CLANG_ANALYZER_NONNULL = YES;
				CLANG_ANALYZER_NUMBER_OBJECT_CONVERSION = YES_AGGRESSIVE;
				CLANG_CXX_LANGUAGE_STANDARD = "gnu++20";
				CLANG_ENABLE_MODULES = YES;
				CLANG_ENABLE_OBJC_ARC = YES;
				CLANG_ENABLE_OBJC_WEAK = YES;
				CLANG_WARN_BLOCK_CAPTURE_AUTORELEASING = YES;
				CLANG_WARN_BOOL_CONVERSION = YES;
				CLANG_WARN_COMMA = YES;
				CLANG_WARN_CONSTANT_CONVERSION = YES;
				CLANG_WARN_DEPRECATED_OBJC_IMPLEMENTATIONS = YES;
				CLANG_WARN_DIRECT_OBJC_ISA_USAGE = YES_ERROR;
				CLANG_WARN_DOCUMENTATION_COMMENTS = YES;
				CLANG_WARN_EMPTY_BODY = YES;
				CLANG_WARN_ENUM_CONVERSION = YES;
				CLANG_WARN_INFINITE_RECURSION = YES;
				CLANG_WARN_INT_CONVERSION = YES;
				CLANG_WARN_NON_LITERAL_NULL_CONVERSION = YES;
				CLANG_WARN_OBJC_IMPLICIT_RETAIN_SELF = YES;
				CLANG_WARN_OBJC_LITERAL_CONVERSION = YES;
				CLANG_WARN_OBJC_ROOT_CLASS = YES_ERROR;
				CLANG_WARN_QUOTED_INCLUDE_IN_FRAMEWORK_HEADER = YES;
				CLANG_WARN_RANGE_LOOP_ANALYSIS = YES;
				CLANG_WARN_STRICT_PROTOTYPES = YES;
				CLANG_WARN_SUSPICIOUS_MOVE = YES;
				CLANG_WARN_UNGUARDED_AVAILABILITY = YES_AGGRESSIVE;
				CLANG_WARN_UNREACHABLE_CODE = YES;
				CLANG_WARN__DUPLICATE_METHOD_MATCH = YES;
				COPY_PHASE_STRIP = NO;
				DEBUG_INFORMATION_FORMAT = dwarf;
				ENABLE_STRICT_OBJC_MSGSEND = YES;
				ENABLE_TESTABILITY = YES;
				ENABLE_USER_SCRIPT_SANDBOXING = YES;
				GCC_C_LANGUAGE_STANDARD = gnu17;
				GCC_DYNAMIC_NO_PIC = NO;
				GCC_NO_COMMON_BLOCKS = YES;
				GCC_OPTIMIZATION_LEVEL = 0;
				GCC_PREPROCESSOR_DEFINITIONS = (
					"DEBUG=1",
					"$(inherited)",
				);
				GCC_WARN_64_TO_32_BIT_CONVERSION = YES;
				GCC_WARN_ABOUT_RETURN_TYPE = YES_ERROR;
				GCC_WARN_UNDECLARED_SELECTOR = YES;
				GCC_WARN_UNINITIALIZED_AUTOS = YES_AGGRESSIVE;
				GCC_WARN_UNUSED_FUNCTION = YES;
				GCC_WARN_UNUSED_VARIABLE = YES;
				IPHONEOS_DEPLOYMENT_TARGET = 18.2;
				LOCALIZATION_PREFERS_STRING_CATALOGS = YES;
				MTL_ENABLE_DEBUG_INFO = INCLUDE_SOURCE;
				MTL_FAST_MATH = YES;
				ONLY_ACTIVE_ARCH = YES;
				SDKROOT = iphoneos;
				SWIFT_ACTIVE_COMPILATION_CONDITIONS = "DEBUG $(inherited)";
				SWIFT_OPTIMIZATION_LEVEL = "-Onone";
			};
			name = Debug;
		};
		793DD6E72D8DC251004B46A5 /* Release */ = {
			isa = XCBuildConfiguration;
			buildSettings = {
				ALWAYS_SEARCH_USER_PATHS = NO;
				ASSETCATALOG_COMPILER_GENERATE_SWIFT_ASSET_SYMBOL_EXTENSIONS = YES;
				CLANG_ANALYZER_NONNULL = YES;
				CLANG_ANALYZER_NUMBER_OBJECT_CONVERSION = YES_AGGRESSIVE;
				CLANG_CXX_LANGUAGE_STANDARD = "gnu++20";
				CLANG_ENABLE_MODULES = YES;
				CLANG_ENABLE_OBJC_ARC = YES;
				CLANG_ENABLE_OBJC_WEAK = YES;
				CLANG_WARN_BLOCK_CAPTURE_AUTORELEASING = YES;
				CLANG_WARN_BOOL_CONVERSION = YES;
				CLANG_WARN_COMMA = YES;
				CLANG_WARN_CONSTANT_CONVERSION = YES;
				CLANG_WARN_DEPRECATED_OBJC_IMPLEMENTATIONS = YES;
				CLANG_WARN_DIRECT_OBJC_ISA_USAGE = YES_ERROR;
				CLANG_WARN_DOCUMENTATION_COMMENTS = YES;
				CLANG_WARN_EMPTY_BODY = YES;
				CLANG_WARN_ENUM_CONVERSION = YES;
				CLANG_WARN_INFINITE_RECURSION = YES;
				CLANG_WARN_INT_CONVERSION = YES;
				CLANG_WARN_NON_LITERAL_NULL_CONVERSION = YES;
				CLANG_WARN_OBJC_IMPLICIT_RETAIN_SELF = YES;
				CLANG_WARN_OBJC_LITERAL_CONVERSION = YES;
				CLANG_WARN_OBJC_ROOT_CLASS = YES_ERROR;
				CLANG_WARN_QUOTED_INCLUDE_IN_FRAMEWORK_HEADER = YES;
				CLANG_WARN_RANGE_LOOP_ANALYSIS = YES;
				CLANG_WARN_STRICT_PROTOTYPES = YES;
				CLANG_WARN_SUSPICIOUS_MOVE = YES;
				CLANG_WARN_UNGUARDED_AVAILABILITY = YES_AGGRESSIVE;
				CLANG_WARN_UNREACHABLE_CODE = YES;
				CLANG_WARN__DUPLICATE_METHOD_MATCH = YES;
				COPY_PHASE_STRIP = NO;
				DEBUG_INFORMATION_FORMAT = "dwarf-with-dsym";
				ENABLE_NS_ASSERTIONS = NO;
				ENABLE_STRICT_OBJC_MSGSEND = YES;
				ENABLE_USER_SCRIPT_SANDBOXING = YES;
				GCC_C_LANGUAGE_STANDARD = gnu17;
				GCC_NO_COMMON_BLOCKS = YES;
				GCC_WARN_64_TO_32_BIT_CONVERSION = YES;
				GCC_WARN_ABOUT_RETURN_TYPE = YES_ERROR;
				GCC_WARN_UNDECLARED_SELECTOR = YES;
				GCC_WARN_UNINITIALIZED_AUTOS = YES_AGGRESSIVE;
				GCC_WARN_UNUSED_FUNCTION = YES;
				GCC_WARN_UNUSED_VARIABLE = YES;
				IPHONEOS_DEPLOYMENT_TARGET = 18.2;
				LOCALIZATION_PREFERS_STRING_CATALOGS = YES;
				MTL_ENABLE_DEBUG_INFO = NO;
				MTL_FAST_MATH = YES;
				SDKROOT = iphoneos;
				SWIFT_COMPILATION_MODE = wholemodule;
				VALIDATE_PRODUCT = YES;
			};
			name = Release;
		};
		793DD6E92D8DC251004B46A5 /* Debug */ = {
			isa = XCBuildConfiguration;
			buildSettings = {
				ASSETCATALOG_COMPILER_APPICON_NAME = AppIcon;
				ASSETCATALOG_COMPILER_GLOBAL_ACCENT_COLOR_NAME = AccentColor;
				CODE_SIGN_STYLE = Automatic;
				CURRENT_PROJECT_VERSION = 1;
				DEVELOPMENT_ASSET_PATHS = "\"Speech Transcriber/Preview Content\"";
				DEVELOPMENT_TEAM = USQQZ62WW7;
				ENABLE_PREVIEWS = YES;
				GENERATE_INFOPLIST_FILE = YES;
				INFOPLIST_FILE = "Speech-Transcriber-Info.plist";
				INFOPLIST_KEY_NSMicrophoneUsageDescription = "We need access to your microphone to transcribe your speech.";
				INFOPLIST_KEY_UIApplicationSceneManifest_Generation = YES;
				INFOPLIST_KEY_UIApplicationSupportsIndirectInputEvents = YES;
				INFOPLIST_KEY_UILaunchScreen_Generation = YES;
				INFOPLIST_KEY_UISupportedInterfaceOrientations_iPad = "UIInterfaceOrientationPortrait UIInterfaceOrientationPortraitUpsideDown UIInterfaceOrientationLandscapeLeft UIInterfaceOrientationLandscapeRight";
				INFOPLIST_KEY_UISupportedInterfaceOrientations_iPhone = "UIInterfaceOrientationPortrait UIInterfaceOrientationLandscapeLeft UIInterfaceOrientationLandscapeRight";
				IPHONEOS_DEPLOYMENT_TARGET = 18.2;
				LD_RUNPATH_SEARCH_PATHS = (
					"$(inherited)",
					"@executable_path/Frameworks",
				);
				MARKETING_VERSION = 1.0;
				PRODUCT_BUNDLE_IDENTIFIER = "com.joshuacleetus.Speech-Transcriber";
				PRODUCT_NAME = "$(TARGET_NAME)";
				SWIFT_EMIT_LOC_STRINGS = YES;
				SWIFT_VERSION = 5.0;
				TARGETED_DEVICE_FAMILY = "1,2";
			};
			name = Debug;
		};
		793DD6EA2D8DC251004B46A5 /* Release */ = {
			isa = XCBuildConfiguration;
			buildSettings = {
				ASSETCATALOG_COMPILER_APPICON_NAME = AppIcon;
				ASSETCATALOG_COMPILER_GLOBAL_ACCENT_COLOR_NAME = AccentColor;
				CODE_SIGN_STYLE = Automatic;
				CURRENT_PROJECT_VERSION = 1;
				DEVELOPMENT_ASSET_PATHS = "\"Speech Transcriber/Preview Content\"";
				DEVELOPMENT_TEAM = USQQZ62WW7;
				ENABLE_PREVIEWS = YES;
				GENERATE_INFOPLIST_FILE = YES;
				INFOPLIST_FILE = "Speech-Transcriber-Info.plist";
				INFOPLIST_KEY_NSMicrophoneUsageDescription = "We need access to your microphone to transcribe your speech.";
				INFOPLIST_KEY_UIApplicationSceneManifest_Generation = YES;
				INFOPLIST_KEY_UIApplicationSupportsIndirectInputEvents = YES;
				INFOPLIST_KEY_UILaunchScreen_Generation = YES;
				INFOPLIST_KEY_UISupportedInterfaceOrientations_iPad = "UIInterfaceOrientationPortrait UIInterfaceOrientationPortraitUpsideDown UIInterfaceOrientationLandscapeLeft UIInterfaceOrientationLandscapeRight";
				INFOPLIST_KEY_UISupportedInterfaceOrientations_iPhone = "UIInterfaceOrientationPortrait UIInterfaceOrientationLandscapeLeft UIInterfaceOrientationLandscapeRight";
				IPHONEOS_DEPLOYMENT_TARGET = 18.2;
				LD_RUNPATH_SEARCH_PATHS = (
					"$(inherited)",
					"@executable_path/Frameworks",
				);
				MARKETING_VERSION = 1.0;
				PRODUCT_BUNDLE_IDENTIFIER = "com.joshuacleetus.Speech-Transcriber";
				PRODUCT_NAME = "$(TARGET_NAME)";
				SWIFT_EMIT_LOC_STRINGS = YES;
				SWIFT_VERSION = 5.0;
				TARGETED_DEVICE_FAMILY = "1,2";
			};
			name = Release;
		};
		793DD6EC2D8DC251004B46A5 /* Debug */ = {
			isa = XCBuildConfiguration;
			buildSettings = {
				BUNDLE_LOADER = "$(TEST_HOST)";
				CODE_SIGN_STYLE = Automatic;
				CURRENT_PROJECT_VERSION = 1;
				DEVELOPMENT_TEAM = USQQZ62WW7;
				GENERATE_INFOPLIST_FILE = YES;
				IPHONEOS_DEPLOYMENT_TARGET = 18.2;
				MARKETING_VERSION = 1.0;
				PRODUCT_BUNDLE_IDENTIFIER = "com.joshuacleetus.Speech-TranscriberTests";
				PRODUCT_NAME = "$(TARGET_NAME)";
				SWIFT_EMIT_LOC_STRINGS = NO;
				SWIFT_VERSION = 5.0;
				TARGETED_DEVICE_FAMILY = "1,2";
				TEST_HOST = "$(BUILT_PRODUCTS_DIR)/Speech Transcriber.app/$(BUNDLE_EXECUTABLE_FOLDER_PATH)/Speech Transcriber";
			};
			name = Debug;
		};
		793DD6ED2D8DC251004B46A5 /* Release */ = {
			isa = XCBuildConfiguration;
			buildSettings = {
				BUNDLE_LOADER = "$(TEST_HOST)";
				CODE_SIGN_STYLE = Automatic;
				CURRENT_PROJECT_VERSION = 1;
				DEVELOPMENT_TEAM = USQQZ62WW7;
				GENERATE_INFOPLIST_FILE = YES;
				IPHONEOS_DEPLOYMENT_TARGET = 18.2;
				MARKETING_VERSION = 1.0;
				PRODUCT_BUNDLE_IDENTIFIER = "com.joshuacleetus.Speech-TranscriberTests";
				PRODUCT_NAME = "$(TARGET_NAME)";
				SWIFT_EMIT_LOC_STRINGS = NO;
				SWIFT_VERSION = 5.0;
				TARGETED_DEVICE_FAMILY = "1,2";
				TEST_HOST = "$(BUILT_PRODUCTS_DIR)/Speech Transcriber.app/$(BUNDLE_EXECUTABLE_FOLDER_PATH)/Speech Transcriber";
			};
			name = Release;
		};
		793DD6EF2D8DC251004B46A5 /* Debug */ = {
			isa = XCBuildConfiguration;
			buildSettings = {
				CODE_SIGN_STYLE = Automatic;
				CURRENT_PROJECT_VERSION = 1;
				DEVELOPMENT_TEAM = USQQZ62WW7;
				GENERATE_INFOPLIST_FILE = YES;
				MARKETING_VERSION = 1.0;
				PRODUCT_BUNDLE_IDENTIFIER = "com.joshuacleetus.Speech-TranscriberUITests";
				PRODUCT_NAME = "$(TARGET_NAME)";
				SWIFT_EMIT_LOC_STRINGS = NO;
				SWIFT_VERSION = 5.0;
				TARGETED_DEVICE_FAMILY = "1,2";
				TEST_TARGET_NAME = "Speech Transcriber";
			};
			name = Debug;
		};
		793DD6F02D8DC251004B46A5 /* Release */ = {
			isa = XCBuildConfiguration;
			buildSettings = {
				CODE_SIGN_STYLE = Automatic;
				CURRENT_PROJECT_VERSION = 1;
				DEVELOPMENT_TEAM = USQQZ62WW7;
				GENERATE_INFOPLIST_FILE = YES;
				MARKETING_VERSION = 1.0;
				PRODUCT_BUNDLE_IDENTIFIER = "com.joshuacleetus.Speech-TranscriberUITests";
				PRODUCT_NAME = "$(TARGET_NAME)";
				SWIFT_EMIT_LOC_STRINGS = NO;
				SWIFT_VERSION = 5.0;
				TARGETED_DEVICE_FAMILY = "1,2";
				TEST_TARGET_NAME = "Speech Transcriber";
			};
			name = Release;
		};
/* End XCBuildConfiguration section */

/* Begin XCConfigurationList section */
		793DD6BF2D8DC24F004B46A5 /* Build configuration list for PBXProject "Speech Transcriber" */ = {
			isa = XCConfigurationList;
			buildConfigurations = (
				793DD6E62D8DC251004B46A5 /* Debug */,
				793DD6E72D8DC251004B46A5 /* Release */,
			);
			defaultConfigurationIsVisible = 0;
			defaultConfigurationName = Release;
		};
		793DD6E82D8DC251004B46A5 /* Build configuration list for PBXNativeTarget "Speech Transcriber" */ = {
			isa = XCConfigurationList;
			buildConfigurations = (
				793DD6E92D8DC251004B46A5 /* Debug */,
				793DD6EA2D8DC251004B46A5 /* Release */,
			);
			defaultConfigurationIsVisible = 0;
			defaultConfigurationName = Release;
		};
		793DD6EB2D8DC251004B46A5 /* Build configuration list for PBXNativeTarget "Speech TranscriberTests" */ = {
			isa = XCConfigurationList;
			buildConfigurations = (
				793DD6EC2D8DC251004B46A5 /* Debug */,
				793DD6ED2D8DC251004B46A5 /* Release */,
			);
			defaultConfigurationIsVisible = 0;
			defaultConfigurationName = Release;
		};
		793DD6EE2D8DC251004B46A5 /* Build configuration list for PBXNativeTarget "Speech TranscriberUITests" */ = {
			isa = XCConfigurationList;
			buildConfigurations = (
				793DD6EF2D8DC251004B46A5 /* Debug */,
				793DD6F02D8DC251004B46A5 /* Release */,
			);
			defaultConfigurationIsVisible = 0;
			defaultConfigurationName = Release;
		};
/* End XCConfigurationList section */

/* Begin XCRemoteSwiftPackageReference section */
		793DD74F2D8DDF54004B46A5 /* XCRemoteSwiftPackageReference "RxSwift" */ = {
			isa = XCRemoteSwiftPackageReference;
			repositoryURL = "https://github.com/ReactiveX/RxSwift.git";
			requirement = {
				kind = upToNextMajorVersion;
				minimumVersion = 6.9.0;
			};
		};
/* End XCRemoteSwiftPackageReference section */

/* Begin XCSwiftPackageProductDependency section */
		793DD7502D8DDF54004B46A5 /* RxCocoa */ = {
			isa = XCSwiftPackageProductDependency;
			package = 793DD74F2D8DDF54004B46A5 /* XCRemoteSwiftPackageReference "RxSwift" */;
			productName = RxCocoa;
		};
		793DD7522D8DDF54004B46A5 /* RxSwift */ = {
			isa = XCSwiftPackageProductDependency;
			package = 793DD74F2D8DDF54004B46A5 /* XCRemoteSwiftPackageReference "RxSwift" */;
			productName = RxSwift;
		};
/* End XCSwiftPackageProductDependency section */
	};
	rootObject = 793DD6BC2D8DC24F004B46A5 /* Project object */;
}
